
Microsoft Visual Studio Solution File, Format Version 12.00
# Visual Studio Version 17
VisualStudioVersion = 17.2.32505.173
MinimumVisualStudioVersion = 10.0.40219.1
Project("{9A19103F-16F7-4668-BE54-9A1E7A4F7556}") = "FlashcardApp.WPF", "FlashcardApp\FlashcardApp.WPF.csproj", "{FA795825-7656-45CE-A8BD-F03676690FD4}"
EndProject
Project("{9A19103F-16F7-4668-BE54-9A1E7A4F7556}") = "FlashcardApp.EntityFramework", "FlashcardApp.EntityFramework\FlashcardApp.EntityFramework.csproj", "{90EA3DAF-BA05-42C3-8193-CEB0047A3615}"
EndProject
Project("{9A19103F-16F7-4668-BE54-9A1E7A4F7556}") = "FlashcardApp.TestConsole", "FlashcardApp.TestConsole\FlashcardApp.TestConsole.csproj", "{2971EC9E-E5CB-468D-8473-6117B42C2F94}"
EndProject
Project("{9A19103F-16F7-4668-BE54-9A1E7A4F7556}") = "FlashcardApp.Domain", "FlashcardApp.Domain\FlashcardApp.Domain.csproj", "{1399B53D-858C-4334-84F4-6D1DDC187C69}"
EndProject
Project("{2150E333-8FDC-42A3-9474-1A3956D46DE8}") = "WPF.CustomControls", "WPF.CustomControls", "{3A3792CE-33A7-4DE8-9C12-5089ABD7E93A}"
EndProject
Project("{9A19103F-16F7-4668-BE54-9A1E7A4F7556}") = "DropdownMenu", "WPF.CustomControls\DropdownMenu\DropdownMenu.csproj", "{BFC01C90-BD3F-456C-8247-3DEB86A8F777}"
EndProject
Project("{9A19103F-16F7-4668-BE54-9A1E7A4F7556}") = "ModalControl", "WPF.CustomControls\ModalControl\ModalControl.csproj", "{6A8360D8-8B1C-4CD8-AB43-A48BA21ECF82}"
EndProject
Project("{FAE04EC0-301F-11D3-BF4B-00C04F79EFBC}") = "FlashcardApp.AnkiConnectAPI", "FlashcardApp.AnkiConnectAPI\FlashcardApp.AnkiConnectAPI.csproj", "{66303409-70A4-4E5D-8442-251E3331A175}"
EndProject
Global
	GlobalSection(SolutionConfigurationPlatforms) = preSolution
		Debug|Any CPU = Debug|Any CPU
		Release|Any CPU = Release|Any CPU
	EndGlobalSection
	GlobalSection(ProjectConfigurationPlatforms) = postSolution
		{FA795825-7656-45CE-A8BD-F03676690FD4}.Debug|Any CPU.ActiveCfg = Debug|Any CPU
		{FA795825-7656-45CE-A8BD-F03676690FD4}.Debug|Any CPU.Build.0 = Debug|Any CPU
		{FA795825-7656-45CE-A8BD-F03676690FD4}.Release|Any CPU.ActiveCfg = Release|Any CPU
		{FA795825-7656-45CE-A8BD-F03676690FD4}.Release|Any CPU.Build.0 = Release|Any CPU
		{90EA3DAF-BA05-42C3-8193-CEB0047A3615}.Debug|Any CPU.ActiveCfg = Debug|Any CPU
		{90EA3DAF-BA05-42C3-8193-CEB0047A3615}.Debug|Any CPU.Build.0 = Debug|Any CPU
		{90EA3DAF-BA05-42C3-8193-CEB0047A3615}.Release|Any CPU.ActiveCfg = Release|Any CPU
		{90EA3DAF-BA05-42C3-8193-CEB0047A3615}.Release|Any CPU.Build.0 = Release|Any CPU
		{2971EC9E-E5CB-468D-8473-6117B42C2F94}.Debug|Any CPU.ActiveCfg = Debug|Any CPU
		{2971EC9E-E5CB-468D-8473-6117B42C2F94}.Debug|Any CPU.Build.0 = Debug|Any CPU
		{2971EC9E-E5CB-468D-8473-6117B42C2F94}.Release|Any CPU.ActiveCfg = Release|Any CPU
		{2971EC9E-E5CB-468D-8473-6117B42C2F94}.Release|Any CPU.Build.0 = Release|Any CPU
		{1399B53D-858C-4334-84F4-6D1DDC187C69}.Debug|Any CPU.ActiveCfg = Debug|Any CPU
		{1399B53D-858C-4334-84F4-6D1DDC187C69}.Debug|Any CPU.Build.0 = Debug|Any CPU
		{1399B53D-858C-4334-84F4-6D1DDC187C69}.Release|Any CPU.ActiveCfg = Release|Any CPU
		{1399B53D-858C-4334-84F4-6D1DDC187C69}.Release|Any CPU.Build.0 = Release|Any CPU
		{BFC01C90-BD3F-456C-8247-3DEB86A8F777}.Debug|Any CPU.ActiveCfg = Debug|Any CPU
		{BFC01C90-BD3F-456C-8247-3DEB86A8F777}.Debug|Any CPU.Build.0 = Debug|Any CPU
		{BFC01C90-BD3F-456C-8247-3DEB86A8F777}.Release|Any CPU.ActiveCfg = Release|Any CPU
		{BFC01C90-BD3F-456C-8247-3DEB86A8F777}.Release|Any CPU.Build.0 = Release|Any CPU
		{6A8360D8-8B1C-4CD8-AB43-A48BA21ECF82}.Debug|Any CPU.ActiveCfg = Debug|Any CPU
		{6A8360D8-8B1C-4CD8-AB43-A48BA21ECF82}.Debug|Any CPU.Build.0 = Debug|Any CPU
		{6A8360D8-8B1C-4CD8-AB43-A48BA21ECF82}.Release|Any CPU.ActiveCfg = Release|Any CPU
		{6A8360D8-8B1C-4CD8-AB43-A48BA21ECF82}.Release|Any CPU.Build.0 = Release|Any CPU
		{66303409-70A4-4E5D-8442-251E3331A175}.Debug|Any CPU.ActiveCfg = Debug|Any CPU
		{66303409-70A4-4E5D-8442-251E3331A175}.Debug|Any CPU.Build.0 = Debug|Any CPU
		{66303409-70A4-4E5D-8442-251E3331A175}.Release|Any CPU.ActiveCfg = Release|Any CPU
		{66303409-70A4-4E5D-8442-251E3331A175}.Release|Any CPU.Build.0 = Release|Any CPU
	EndGlobalSection
	GlobalSection(SolutionProperties) = preSolution
		HideSolutionNode = FALSE
	EndGlobalSection
	GlobalSection(NestedProjects) = preSolution
		{BFC01C90-BD3F-456C-8247-3DEB86A8F777} = {3A3792CE-33A7-4DE8-9C12-5089ABD7E93A}
		{6A8360D8-8B1C-4CD8-AB43-A48BA21ECF82} = {3A3792CE-33A7-4DE8-9C12-5089ABD7E93A}
	EndGlobalSection
	GlobalSection(ExtensibilityGlobals) = postSolution
		SolutionGuid = {8824EA70-DB56-414E-AC52-3113CF2E5F65}
	EndGlobalSection
EndGlobal
