
Microsoft Visual Studio Solution File, Format Version 12.00
# Visual Studio Version 17
VisualStudioVersion = 17.2.32505.173
MinimumVisualStudioVersion = 10.0.40219.1
Project("{9A19103F-16F7-4668-BE54-9A1E7A4F7556}") = "FlashcardApp", "FlashcardApp\FlashcardApp.csproj", "{FA795825-7656-45CE-A8BD-F03676690FD4}"
EndProject
Project("{FAE04EC0-301F-11D3-BF4B-00C04F79EFBC}") = "FlashcardApp.EntityFramework", "FlashcardApp.EntityFramework\FlashcardApp.EntityFramework.csproj", "{90EA3DAF-BA05-42C3-8193-CEB0047A3615}"
EndProject
Project("{FAE04EC0-301F-11D3-BF4B-00C04F79EFBC}") = "FlashcardApp.TestConsole", "FlashcardApp.TestConsole\FlashcardApp.TestConsole.csproj", "{2971EC9E-E5CB-468D-8473-6117B42C2F94}"
EndProject
Global
	GlobalSection(SolutionConfigurationPlatforms) = preSolution
		Debug|Any CPU = Debug|Any CPU
		Release|Any CPU = Release|Any CPU
	EndGlobalSection
	GlobalSection(ProjectConfigurationPlatforms) = postSolution
		{FA795825-7656-45CE-A8BD-F03676690FD4}.Debug|Any CPU.ActiveCfg = Debug|Any CPU
		{FA795825-7656-45CE-A8BD-F03676690FD4}.Debug|Any CPU.Build.0 = Debug|Any CPU
		{FA795825-7656-45CE-A8BD-F03676690FD4}.Release|Any CPU.ActiveCfg = Release|Any CPU
		{FA795825-7656-45CE-A8BD-F03676690FD4}.Release|Any CPU.Build.0 = Release|Any CPU
		{90EA3DAF-BA05-42C3-8193-CEB0047A3615}.Debug|Any CPU.ActiveCfg = Debug|Any CPU
		{90EA3DAF-BA05-42C3-8193-CEB0047A3615}.Debug|Any CPU.Build.0 = Debug|Any CPU
		{90EA3DAF-BA05-42C3-8193-CEB0047A3615}.Release|Any CPU.ActiveCfg = Release|Any CPU
		{90EA3DAF-BA05-42C3-8193-CEB0047A3615}.Release|Any CPU.Build.0 = Release|Any CPU
		{2971EC9E-E5CB-468D-8473-6117B42C2F94}.Debug|Any CPU.ActiveCfg = Debug|Any CPU
		{2971EC9E-E5CB-468D-8473-6117B42C2F94}.Debug|Any CPU.Build.0 = Debug|Any CPU
		{2971EC9E-E5CB-468D-8473-6117B42C2F94}.Release|Any CPU.ActiveCfg = Release|Any CPU
		{2971EC9E-E5CB-468D-8473-6117B42C2F94}.Release|Any CPU.Build.0 = Release|Any CPU
	EndGlobalSection
	GlobalSection(SolutionProperties) = preSolution
		HideSolutionNode = FALSE
	EndGlobalSection
	GlobalSection(ExtensibilityGlobals) = postSolution
		SolutionGuid = {8824EA70-DB56-414E-AC52-3113CF2E5F65}
	EndGlobalSection
EndGlobal
